
Microsoft Visual Studio Solution File, Format Version 12.00
# Visual Studio Version 16
VisualStudioVersion = 16.0.30804.86
MinimumVisualStudioVersion = 10.0.40219.1
Project("{FAE04EC0-301F-11D3-BF4B-00C04F79EFBC}") = "Project", "ConsoleApplication2\Project.csproj", "{277C8AD9-F0F9-43E8-AC4E-D4DBE31A2B0F}"
EndProject
Project("{FAE04EC0-301F-11D3-BF4B-00C04F79EFBC}") = "DatabaseTests", "DatabaseTests\DatabaseTests.csproj", "{EFFD3B83-6095-4CD2-BAE4-36B8C55B49CD}"
EndProject
Global
	GlobalSection(SolutionConfigurationPlatforms) = preSolution
		Debug|Any CPU = Debug|Any CPU
		Release|Any CPU = Release|Any CPU
	EndGlobalSection
	GlobalSection(ProjectConfigurationPlatforms) = postSolution
		{277C8AD9-F0F9-43E8-AC4E-D4DBE31A2B0F}.Debug|Any CPU.ActiveCfg = Debug|Any CPU
		{277C8AD9-F0F9-43E8-AC4E-D4DBE31A2B0F}.Debug|Any CPU.Build.0 = Debug|Any CPU
		{277C8AD9-F0F9-43E8-AC4E-D4DBE31A2B0F}.Release|Any CPU.ActiveCfg = Release|Any CPU
		{277C8AD9-F0F9-43E8-AC4E-D4DBE31A2B0F}.Release|Any CPU.Build.0 = Release|Any CPU
		{EFFD3B83-6095-4CD2-BAE4-36B8C55B49CD}.Debug|Any CPU.ActiveCfg = Debug|Any CPU
		{EFFD3B83-6095-4CD2-BAE4-36B8C55B49CD}.Debug|Any CPU.Build.0 = Debug|Any CPU
		{EFFD3B83-6095-4CD2-BAE4-36B8C55B49CD}.Release|Any CPU.ActiveCfg = Release|Any CPU
		{EFFD3B83-6095-4CD2-BAE4-36B8C55B49CD}.Release|Any CPU.Build.0 = Release|Any CPU
	EndGlobalSection
	GlobalSection(SolutionProperties) = preSolution
		HideSolutionNode = FALSE
	EndGlobalSection
	GlobalSection(ExtensibilityGlobals) = postSolution
		SolutionGuid = {DB7ECA13-FEBA-412F-AFC4-8EC2875795BA}
	EndGlobalSection
EndGlobal
